
Microsoft Visual Studio Solution File, Format Version 12.00
# Visual Studio Version 17
VisualStudioVersion = 17.7.34024.191
MinimumVisualStudioVersion = 10.0.40219.1
Project("{8BC9CEB8-8B4A-11D0-8D11-00A0C91BC942}") = "AP12.3it", "AP12.3it\AP12.3it.vcxproj", "{6FF95857-4CDD-4F29-B626-7EC3A6D18430}"
EndProject
Project("{8BC9CEB8-8B4A-11D0-8D11-00A0C91BC942}") = "UnitTest12.3it", "UnitTest12.3it\UnitTest12.3it.vcxproj", "{18E907F6-CDC3-4062-8719-5FE4DC043FED}"
EndProject
Global
	GlobalSection(SolutionConfigurationPlatforms) = preSolution
		Debug|x64 = Debug|x64
		Debug|x86 = Debug|x86
		Release|x64 = Release|x64
		Release|x86 = Release|x86
	EndGlobalSection
	GlobalSection(ProjectConfigurationPlatforms) = postSolution
		{6FF95857-4CDD-4F29-B626-7EC3A6D18430}.Debug|x64.ActiveCfg = Debug|x64
		{6FF95857-4CDD-4F29-B626-7EC3A6D18430}.Debug|x64.Build.0 = Debug|x64
		{6FF95857-4CDD-4F29-B626-7EC3A6D18430}.Debug|x86.ActiveCfg = Debug|Win32
		{6FF95857-4CDD-4F29-B626-7EC3A6D18430}.Debug|x86.Build.0 = Debug|Win32
		{6FF95857-4CDD-4F29-B626-7EC3A6D18430}.Release|x64.ActiveCfg = Release|x64
		{6FF95857-4CDD-4F29-B626-7EC3A6D18430}.Release|x64.Build.0 = Release|x64
		{6FF95857-4CDD-4F29-B626-7EC3A6D18430}.Release|x86.ActiveCfg = Release|Win32
		{6FF95857-4CDD-4F29-B626-7EC3A6D18430}.Release|x86.Build.0 = Release|Win32
		{18E907F6-CDC3-4062-8719-5FE4DC043FED}.Debug|x64.ActiveCfg = Debug|x64
		{18E907F6-CDC3-4062-8719-5FE4DC043FED}.Debug|x64.Build.0 = Debug|x64
		{18E907F6-CDC3-4062-8719-5FE4DC043FED}.Debug|x86.ActiveCfg = Debug|Win32
		{18E907F6-CDC3-4062-8719-5FE4DC043FED}.Debug|x86.Build.0 = Debug|Win32
		{18E907F6-CDC3-4062-8719-5FE4DC043FED}.Release|x64.ActiveCfg = Release|x64
		{18E907F6-CDC3-4062-8719-5FE4DC043FED}.Release|x64.Build.0 = Release|x64
		{18E907F6-CDC3-4062-8719-5FE4DC043FED}.Release|x86.ActiveCfg = Release|Win32
		{18E907F6-CDC3-4062-8719-5FE4DC043FED}.Release|x86.Build.0 = Release|Win32
	EndGlobalSection
	GlobalSection(SolutionProperties) = preSolution
		HideSolutionNode = FALSE
	EndGlobalSection
	GlobalSection(ExtensibilityGlobals) = postSolution
		SolutionGuid = {5DF3252D-EAF5-40AF-BA31-E0AC895E6A80}
	EndGlobalSection
EndGlobal
